// !$*UTF8*$!
{
	archiveVersion = 1;
	classes = {
	};
	objectVersion = 50;
	objects = {

/* Begin PBXBuildFile section */
		C89952B222EFC8CF00206ACE /* AppDelegate.m in Sources */ = {isa = PBXBuildFile; fileRef = C89952B122EFC8CF00206ACE /* AppDelegate.m */; };
		C89952B822EFC8CF00206ACE /* Main.storyboard in Resources */ = {isa = PBXBuildFile; fileRef = C89952B622EFC8CF00206ACE /* Main.storyboard */; };
		C89952BA22EFC8D200206ACE /* Assets.xcassets in Resources */ = {isa = PBXBuildFile; fileRef = C89952B922EFC8D200206ACE /* Assets.xcassets */; };
		C89952BD22EFC8D200206ACE /* LaunchScreen.storyboard in Resources */ = {isa = PBXBuildFile; fileRef = C89952BB22EFC8D200206ACE /* LaunchScreen.storyboard */; };
		C89952C022EFC8D200206ACE /* main.m in Sources */ = {isa = PBXBuildFile; fileRef = C89952BF22EFC8D200206ACE /* main.m */; };
		C89952D022EFCDFD00206ACE /* HomeSearchViewController.m in Sources */ = {isa = PBXBuildFile; fileRef = C89952CF22EFCDFD00206ACE /* HomeSearchViewController.m */; };
/* End PBXBuildFile section */

/* Begin PBXFileReference section */
		C89952AD22EFC8CF00206ACE /* MovieSearch.app */ = {isa = PBXFileReference; explicitFileType = wrapper.application; includeInIndex = 0; path = MovieSearch.app; sourceTree = BUILT_PRODUCTS_DIR; };
		C89952B022EFC8CF00206ACE /* AppDelegate.h */ = {isa = PBXFileReference; lastKnownFileType = sourcecode.c.h; path = AppDelegate.h; sourceTree = "<group>"; };
		C89952B122EFC8CF00206ACE /* AppDelegate.m */ = {isa = PBXFileReference; lastKnownFileType = sourcecode.c.objc; path = AppDelegate.m; sourceTree = "<group>"; };
		C89952B722EFC8CF00206ACE /* Base */ = {isa = PBXFileReference; lastKnownFileType = file.storyboard; name = Base; path = Base.lproj/Main.storyboard; sourceTree = "<group>"; };
		C89952B922EFC8D200206ACE /* Assets.xcassets */ = {isa = PBXFileReference; lastKnownFileType = folder.assetcatalog; path = Assets.xcassets; sourceTree = "<group>"; };
		C89952BC22EFC8D200206ACE /* Base */ = {isa = PBXFileReference; lastKnownFileType = file.storyboard; name = Base; path = Base.lproj/LaunchScreen.storyboard; sourceTree = "<group>"; };
		C89952BE22EFC8D200206ACE /* Info.plist */ = {isa = PBXFileReference; lastKnownFileType = text.plist.xml; path = Info.plist; sourceTree = "<group>"; };
		C89952BF22EFC8D200206ACE /* main.m */ = {isa = PBXFileReference; lastKnownFileType = sourcecode.c.objc; path = main.m; sourceTree = "<group>"; };
		C89952CE22EFCDFD00206ACE /* HomeSearchViewController.h */ = {isa = PBXFileReference; lastKnownFileType = sourcecode.c.h; path = HomeSearchViewController.h; sourceTree = "<group>"; };
		C89952CF22EFCDFD00206ACE /* HomeSearchViewController.m */ = {isa = PBXFileReference; lastKnownFileType = sourcecode.c.objc; path = HomeSearchViewController.m; sourceTree = "<group>"; };
/* End PBXFileReference section */

/* Begin PBXFrameworksBuildPhase section */
		C89952AA22EFC8CF00206ACE /* Frameworks */ = {
			isa = PBXFrameworksBuildPhase;
			buildActionMask = 2147483647;
			files = (
			);
			runOnlyForDeploymentPostprocessing = 0;
		};
/* End PBXFrameworksBuildPhase section */

/* Begin PBXGroup section */
		C89952A422EFC8CF00206ACE = {
			isa = PBXGroup;
			children = (
				C89952AF22EFC8CF00206ACE /* MovieSearch */,
				C89952AE22EFC8CF00206ACE /* Products */,
			);
			sourceTree = "<group>";
		};
		C89952AE22EFC8CF00206ACE /* Products */ = {
			isa = PBXGroup;
			children = (
				C89952AD22EFC8CF00206ACE /* MovieSearch.app */,
			);
			name = Products;
			sourceTree = "<group>";
		};
		C89952AF22EFC8CF00206ACE /* MovieSearch */ = {
			isa = PBXGroup;
			children = (
				C89952CA22EFC9B800206ACE /* HomeSearh */,
				C89952C922EFC94400206ACE /* Resources */,
				C89952C822EFC93700206ACE /* Helpers */,
				C89952C722EFC93000206ACE /* Config */,
				C89952C622EFC92600206ACE /* AppEntry */,
			);
			path = MovieSearch;
			sourceTree = "<group>";
		};
		C89952C622EFC92600206ACE /* AppEntry */ = {
			isa = PBXGroup;
			children = (
				C89952BF22EFC8D200206ACE /* main.m */,
				C89952B022EFC8CF00206ACE /* AppDelegate.h */,
				C89952B122EFC8CF00206ACE /* AppDelegate.m */,
				C89952B622EFC8CF00206ACE /* Main.storyboard */,
				C89952BB22EFC8D200206ACE /* LaunchScreen.storyboard */,
				C89952BE22EFC8D200206ACE /* Info.plist */,
			);
			path = AppEntry;
			sourceTree = "<group>";
		};
		C89952C722EFC93000206ACE /* Config */ = {
			isa = PBXGroup;
			children = (
			);
			path = Config;
			sourceTree = "<group>";
		};
		C89952C822EFC93700206ACE /* Helpers */ = {
			isa = PBXGroup;
			children = (
			);
			path = Helpers;
			sourceTree = "<group>";
		};
		C89952C922EFC94400206ACE /* Resources */ = {
			isa = PBXGroup;
			children = (
				C89952B922EFC8D200206ACE /* Assets.xcassets */,
			);
			path = Resources;
			sourceTree = "<group>";
		};
		C89952CA22EFC9B800206ACE /* HomeSearh */ = {
			isa = PBXGroup;
			children = (
				C89952CD22EFC9E800206ACE /* Controller */,
				C89952CC22EFC9E200206ACE /* View */,
				C89952CB22EFC9DC00206ACE /* Model */,
			);
			path = HomeSearh;
			sourceTree = "<group>";
		};
		C89952CB22EFC9DC00206ACE /* Model */ = {
			isa = PBXGroup;
			children = (
			);
			path = Model;
			sourceTree = "<group>";
		};
		C89952CC22EFC9E200206ACE /* View */ = {
			isa = PBXGroup;
			children = (
			);
			path = View;
			sourceTree = "<group>";
		};
		C89952CD22EFC9E800206ACE /* Controller */ = {
			isa = PBXGroup;
			children = (
				C89952CE22EFCDFD00206ACE /* HomeSearchViewController.h */,
				C89952CF22EFCDFD00206ACE /* HomeSearchViewController.m */,
			);
			path = Controller;
			sourceTree = "<group>";
		};
/* End PBXGroup section */

/* Begin PBXNativeTarget section */
		C89952AC22EFC8CF00206ACE /* MovieSearch */ = {
			isa = PBXNativeTarget;
			buildConfigurationList = C89952C322EFC8D200206ACE /* Build configuration list for PBXNativeTarget "MovieSearch" */;
			buildPhases = (
				C89952A922EFC8CF00206ACE /* Sources */,
				C89952AA22EFC8CF00206ACE /* Frameworks */,
				C89952AB22EFC8CF00206ACE /* Resources */,
			);
			buildRules = (
			);
			dependencies = (
			);
			name = MovieSearch;
			productName = MovieSearch;
			productReference = C89952AD22EFC8CF00206ACE /* MovieSearch.app */;
			productType = "com.apple.product-type.application";
		};
/* End PBXNativeTarget section */

/* Begin PBXProject section */
		C89952A522EFC8CF00206ACE /* Project object */ = {
			isa = PBXProject;
			attributes = {
				LastUpgradeCheck = 1030;
				ORGANIZATIONNAME = huixiubao;
				TargetAttributes = {
					C89952AC22EFC8CF00206ACE = {
						CreatedOnToolsVersion = 10.3;
					};
				};
			};
			buildConfigurationList = C89952A822EFC8CF00206ACE /* Build configuration list for PBXProject "MovieSearch" */;
			compatibilityVersion = "Xcode 9.3";
			developmentRegion = en;
			hasScannedForEncodings = 0;
			knownRegions = (
				en,
				Base,
			);
			mainGroup = C89952A422EFC8CF00206ACE;
			productRefGroup = C89952AE22EFC8CF00206ACE /* Products */;
			projectDirPath = "";
			projectRoot = "";
			targets = (
				C89952AC22EFC8CF00206ACE /* MovieSearch */,
			);
		};
/* End PBXProject section */

/* Begin PBXResourcesBuildPhase section */
		C89952AB22EFC8CF00206ACE /* Resources */ = {
			isa = PBXResourcesBuildPhase;
			buildActionMask = 2147483647;
			files = (
				C89952BD22EFC8D200206ACE /* LaunchScreen.storyboard in Resources */,
				C89952BA22EFC8D200206ACE /* Assets.xcassets in Resources */,
				C89952B822EFC8CF00206ACE /* Main.storyboard in Resources */,
			);
			runOnlyForDeploymentPostprocessing = 0;
		};
/* End PBXResourcesBuildPhase section */

/* Begin PBXSourcesBuildPhase section */
		C89952A922EFC8CF00206ACE /* Sources */ = {
			isa = PBXSourcesBuildPhase;
			buildActionMask = 2147483647;
			files = (
				C89952D022EFCDFD00206ACE /* HomeSearchViewController.m in Sources */,
				C89952C022EFC8D200206ACE /* main.m in Sources */,
				C89952B222EFC8CF00206ACE /* AppDelegate.m in Sources */,
			);
			runOnlyForDeploymentPostprocessing = 0;
		};
/* End PBXSourcesBuildPhase section */

/* Begin PBXVariantGroup section */
		C89952B622EFC8CF00206ACE /* Main.storyboard */ = {
			isa = PBXVariantGroup;
			children = (
				C89952B722EFC8CF00206ACE /* Base */,
			);
			name = Main.storyboard;
			sourceTree = "<group>";
		};
		C89952BB22EFC8D200206ACE /* LaunchScreen.storyboard */ = {
			isa = PBXVariantGroup;
			children = (
				C89952BC22EFC8D200206ACE /* Base */,
			);
			name = LaunchScreen.storyboard;
			sourceTree = "<group>";
		};
/* End PBXVariantGroup section */

/* Begin XCBuildConfiguration section */
		C89952C122EFC8D200206ACE /* Debug */ = {
			isa = XCBuildConfiguration;
			buildSettings = {
				ALWAYS_SEARCH_USER_PATHS = NO;
				CLANG_ANALYZER_NONNULL = YES;
				CLANG_ANALYZER_NUMBER_OBJECT_CONVERSION = YES_AGGRESSIVE;
				CLANG_CXX_LANGUAGE_STANDARD = "gnu++14";
				CLANG_CXX_LIBRARY = "libc++";
				CLANG_ENABLE_MODULES = YES;
				CLANG_ENABLE_OBJC_ARC = YES;
				CLANG_ENABLE_OBJC_WEAK = YES;
				CLANG_WARN_BLOCK_CAPTURE_AUTORELEASING = YES;
				CLANG_WARN_BOOL_CONVERSION = YES;
				CLANG_WARN_COMMA = YES;
				CLANG_WARN_CONSTANT_CONVERSION = YES;
				CLANG_WARN_DEPRECATED_OBJC_IMPLEMENTATIONS = YES;
				CLANG_WARN_DIRECT_OBJC_ISA_USAGE = YES_ERROR;
				CLANG_WARN_DOCUMENTATION_COMMENTS = YES;
				CLANG_WARN_EMPTY_BODY = YES;
				CLANG_WARN_ENUM_CONVERSION = YES;
				CLANG_WARN_INFINITE_RECURSION = YES;
				CLANG_WARN_INT_CONVERSION = YES;
				CLANG_WARN_NON_LITERAL_NULL_CONVERSION = YES;
				CLANG_WARN_OBJC_IMPLICIT_RETAIN_SELF = YES;
				CLANG_WARN_OBJC_LITERAL_CONVERSION = YES;
				CLANG_WARN_OBJC_ROOT_CLASS = YES_ERROR;
				CLANG_WARN_RANGE_LOOP_ANALYSIS = YES;
				CLANG_WARN_STRICT_PROTOTYPES = YES;
				CLANG_WARN_SUSPICIOUS_MOVE = YES;
				CLANG_WARN_UNGUARDED_AVAILABILITY = YES_AGGRESSIVE;
				CLANG_WARN_UNREACHABLE_CODE = YES;
				CLANG_WARN__DUPLICATE_METHOD_MATCH = YES;
				CODE_SIGN_IDENTITY = "iPhone Developer";
				COPY_PHASE_STRIP = NO;
				DEBUG_INFORMATION_FORMAT = dwarf;
				ENABLE_STRICT_OBJC_MSGSEND = YES;
				ENABLE_TESTABILITY = YES;
				GCC_C_LANGUAGE_STANDARD = gnu11;
				GCC_DYNAMIC_NO_PIC = NO;
				GCC_NO_COMMON_BLOCKS = YES;
				GCC_OPTIMIZATION_LEVEL = 0;
				GCC_PREPROCESSOR_DEFINITIONS = (
					"DEBUG=1",
					"$(inherited)",
				);
				GCC_WARN_64_TO_32_BIT_CONVERSION = YES;
				GCC_WARN_ABOUT_RETURN_TYPE = YES_ERROR;
				GCC_WARN_UNDECLARED_SELECTOR = YES;
				GCC_WARN_UNINITIALIZED_AUTOS = YES_AGGRESSIVE;
				GCC_WARN_UNUSED_FUNCTION = YES;
				GCC_WARN_UNUSED_VARIABLE = YES;
				IPHONEOS_DEPLOYMENT_TARGET = 12.4;
				MTL_ENABLE_DEBUG_INFO = INCLUDE_SOURCE;
				MTL_FAST_MATH = YES;
				ONLY_ACTIVE_ARCH = YES;
				SDKROOT = iphoneos;
			};
			name = Debug;
		};
		C89952C222EFC8D200206ACE /* Release */ = {
			isa = XCBuildConfiguration;
			buildSettings = {
				ALWAYS_SEARCH_USER_PATHS = NO;
				CLANG_ANALYZER_NONNULL = YES;
				CLANG_ANALYZER_NUMBER_OBJECT_CONVERSION = YES_AGGRESSIVE;
				CLANG_CXX_LANGUAGE_STANDARD = "gnu++14";
				CLANG_CXX_LIBRARY = "libc++";
				CLANG_ENABLE_MODULES = YES;
				CLANG_ENABLE_OBJC_ARC = YES;
				CLANG_ENABLE_OBJC_WEAK = YES;
				CLANG_WARN_BLOCK_CAPTURE_AUTORELEASING = YES;
				CLANG_WARN_BOOL_CONVERSION = YES;
				CLANG_WARN_COMMA = YES;
				CLANG_WARN_CONSTANT_CONVERSION = YES;
				CLANG_WARN_DEPRECATED_OBJC_IMPLEMENTATIONS = YES;
				CLANG_WARN_DIRECT_OBJC_ISA_USAGE = YES_ERROR;
				CLANG_WARN_DOCUMENTATION_COMMENTS = YES;
				CLANG_WARN_EMPTY_BODY = YES;
				CLANG_WARN_ENUM_CONVERSION = YES;
				CLANG_WARN_INFINITE_RECURSION = YES;
				CLANG_WARN_INT_CONVERSION = YES;
				CLANG_WARN_NON_LITERAL_NULL_CONVERSION = YES;
				CLANG_WARN_OBJC_IMPLICIT_RETAIN_SELF = YES;
				CLANG_WARN_OBJC_LITERAL_CONVERSION = YES;
				CLANG_WARN_OBJC_ROOT_CLASS = YES_ERROR;
				CLANG_WARN_RANGE_LOOP_ANALYSIS = YES;
				CLANG_WARN_STRICT_PROTOTYPES = YES;
				CLANG_WARN_SUSPICIOUS_MOVE = YES;
				CLANG_WARN_UNGUARDED_AVAILABILITY = YES_AGGRESSIVE;
				CLANG_WARN_UNREACHABLE_CODE = YES;
				CLANG_WARN__DUPLICATE_METHOD_MATCH = YES;
				CODE_SIGN_IDENTITY = "iPhone Developer";
				COPY_PHASE_STRIP = NO;
				DEBUG_INFORMATION_FORMAT = "dwarf-with-dsym";
				ENABLE_NS_ASSERTIONS = NO;
				ENABLE_STRICT_OBJC_MSGSEND = YES;
				GCC_C_LANGUAGE_STANDARD = gnu11;
				GCC_NO_COMMON_BLOCKS = YES;
				GCC_WARN_64_TO_32_BIT_CONVERSION = YES;
				GCC_WARN_ABOUT_RETURN_TYPE = YES_ERROR;
				GCC_WARN_UNDECLARED_SELECTOR = YES;
				GCC_WARN_UNINITIALIZED_AUTOS = YES_AGGRESSIVE;
				GCC_WARN_UNUSED_FUNCTION = YES;
				GCC_WARN_UNUSED_VARIABLE = YES;
				IPHONEOS_DEPLOYMENT_TARGET = 12.4;
				MTL_ENABLE_DEBUG_INFO = NO;
				MTL_FAST_MATH = YES;
				SDKROOT = iphoneos;
				VALIDATE_PRODUCT = YES;
			};
			name = Release;
		};
		C89952C422EFC8D200206ACE /* Debug */ = {
			isa = XCBuildConfiguration;
			buildSettings = {
				ASSETCATALOG_COMPILER_APPICON_NAME = AppIcon;
				CODE_SIGN_STYLE = Automatic;
				DEVELOPMENT_TEAM = S2S2PFZHQ3;
				INFOPLIST_FILE = "$(SRCROOT)/MovieSearch/AppEntry/Info.plist";
				LD_RUNPATH_SEARCH_PATHS = (
					"$(inherited)",
					"@executable_path/Frameworks",
				);
				PRODUCT_BUNDLE_IDENTIFIER = mum.cs582.group1.MovieSearch;
				PRODUCT_NAME = "$(TARGET_NAME)";
				TARGETED_DEVICE_FAMILY = "1,2";
			};
			name = Debug;
		};
		C89952C522EFC8D200206ACE /* Release */ = {
			isa = XCBuildConfiguration;
			buildSettings = {
				ASSETCATALOG_COMPILER_APPICON_NAME = AppIcon;
				CODE_SIGN_STYLE = Automatic;
				DEVELOPMENT_TEAM = S2S2PFZHQ3;
				INFOPLIST_FILE = "$(SRCROOT)/MovieSearch/AppEntry/Info.plist";
				LD_RUNPATH_SEARCH_PATHS = (
					"$(inherited)",
					"@executable_path/Frameworks",
				);
				PRODUCT_BUNDLE_IDENTIFIER = mum.cs582.group1.MovieSearch;
				PRODUCT_NAME = "$(TARGET_NAME)";
				TARGETED_DEVICE_FAMILY = "1,2";
			};
			name = Release;
		};
/* End XCBuildConfiguration section */

/* Begin XCConfigurationList section */
		C89952A822EFC8CF00206ACE /* Build configuration list for PBXProject "MovieSearch" */ = {
			isa = XCConfigurationList;
			buildConfigurations = (
				C89952C122EFC8D200206ACE /* Debug */,
				C89952C222EFC8D200206ACE /* Release */,
			);
			defaultConfigurationIsVisible = 0;
			defaultConfigurationName = Release;
		};
		C89952C322EFC8D200206ACE /* Build configuration list for PBXNativeTarget "MovieSearch" */ = {
			isa = XCConfigurationList;
			buildConfigurations = (
				C89952C422EFC8D200206ACE /* Debug */,
				C89952C522EFC8D200206ACE /* Release */,
			);
			defaultConfigurationIsVisible = 0;
			defaultConfigurationName = Release;
		};
/* End XCConfigurationList section */
	};
	rootObject = C89952A522EFC8CF00206ACE /* Project object */;
}
